
Microsoft Visual Studio Solution File, Format Version 12.00
# Visual Studio 2013
VisualStudioVersion = 12.0.31101.0
MinimumVisualStudioVersion = 10.0.40219.1
Project("{FAE04EC0-301F-11D3-BF4B-00C04F79EFBC}") = "AlexaApi", "AlexaApi\AlexaApi.csproj", "{7CF24797-745B-49A0-8ECF-623C45260E53}"
EndProject
Project("{FAE04EC0-301F-11D3-BF4B-00C04F79EFBC}") = "AlexaApi.Test", "AlexaApi.Test\AlexaApi.Test.csproj", "{6AB2B214-1D01-44E5-BBE3-285198BDDB21}"
EndProject
Global
	GlobalSection(SolutionConfigurationPlatforms) = preSolution
		Debug|Any CPU = Debug|Any CPU
		Release|Any CPU = Release|Any CPU
	EndGlobalSection
	GlobalSection(ProjectConfigurationPlatforms) = postSolution
		{7CF24797-745B-49A0-8ECF-623C45260E53}.Debug|Any CPU.ActiveCfg = Debug|Any CPU
		{7CF24797-745B-49A0-8ECF-623C45260E53}.Debug|Any CPU.Build.0 = Debug|Any CPU
		{7CF24797-745B-49A0-8ECF-623C45260E53}.Release|Any CPU.ActiveCfg = Release|Any CPU
		{7CF24797-745B-49A0-8ECF-623C45260E53}.Release|Any CPU.Build.0 = Release|Any CPU
		{6AB2B214-1D01-44E5-BBE3-285198BDDB21}.Debug|Any CPU.ActiveCfg = Debug|Any CPU
		{6AB2B214-1D01-44E5-BBE3-285198BDDB21}.Debug|Any CPU.Build.0 = Debug|Any CPU
		{6AB2B214-1D01-44E5-BBE3-285198BDDB21}.Release|Any CPU.ActiveCfg = Release|Any CPU
		{6AB2B214-1D01-44E5-BBE3-285198BDDB21}.Release|Any CPU.Build.0 = Release|Any CPU
	EndGlobalSection
	GlobalSection(SolutionProperties) = preSolution
		HideSolutionNode = FALSE
	EndGlobalSection
EndGlobal
